// !$*UTF8*$!
{
	archiveVersion = 1;
	classes = {
	};
	objectVersion = 56;
	objects = {

/* Begin PBXBuildFile section */
		182097E029EF7AE100FD6E49 /* libresolv.tbd in Frameworks */ = {isa = PBXBuildFile; fileRef = 182A555829ED01BD007CC9A5 /* libresolv.tbd */; };
		183E071129EFA2EB008F51A3 /* RtspPlayer.swift in Sources */ = {isa = PBXBuildFile; fileRef = 183E071029EFA2EB008F51A3 /* RtspPlayer.swift */; };
		187D56FB29EF9A6400484D41 /* RTSPServer.m in Sources */ = {isa = PBXBuildFile; fileRef = 187D56FA29EF9A6400484D41 /* RTSPServer.m */; };
		188973AB29FC082600582FC5 /* GStreamerPlayer.m in Sources */ = {isa = PBXBuildFile; fileRef = 188973AA29FC082600582FC5 /* GStreamerPlayer.m */; };
		188973AD29FC08CB00582FC5 /* GStreamerVideoViewController.swift in Sources */ = {isa = PBXBuildFile; fileRef = 188973AC29FC08CB00582FC5 /* GStreamerVideoViewController.swift */; };
		188973B229FEDEDA00582FC5 /* RTSPServer.swift in Sources */ = {isa = PBXBuildFile; fileRef = 188973B129FEDEDA00582FC5 /* RTSPServer.swift */; };
		188973B429FF113E00582FC5 /* CreateToken.swift in Sources */ = {isa = PBXBuildFile; fileRef = 188973B329FF113E00582FC5 /* CreateToken.swift */; };
		188CBA0329ED0D860038A71D /* AppDelegate.swift in Sources */ = {isa = PBXBuildFile; fileRef = 188CBA0229ED0D860038A71D /* AppDelegate.swift */; };
		188CBA4729ED13A60038A71D /* libiconv.tbd in Frameworks */ = {isa = PBXBuildFile; fileRef = 182A555929ED01D1007CC9A5 /* libiconv.tbd */; };
		188CBA4829ED15AB0038A71D /* GStreamer.framework in Frameworks */ = {isa = PBXBuildFile; fileRef = 18CBF55C29ECEA2E00BD2716 /* GStreamer.framework */; };
		188CBA4E29EE9ECA0038A71D /* gst_ios_init.m in Sources */ = {isa = PBXBuildFile; fileRef = 188CBA4D29EE9ECA0038A71D /* gst_ios_init.m */; };
		18CBF52A29ECE36300BD2716 /* VideoPlayerApp.swift in Sources */ = {isa = PBXBuildFile; fileRef = 18CBF52929ECE36300BD2716 /* VideoPlayerApp.swift */; };
		18CBF52C29ECE36300BD2716 /* ContentView.swift in Sources */ = {isa = PBXBuildFile; fileRef = 18CBF52B29ECE36300BD2716 /* ContentView.swift */; };
		18CBF52E29ECE36500BD2716 /* Assets.xcassets in Resources */ = {isa = PBXBuildFile; fileRef = 18CBF52D29ECE36500BD2716 /* Assets.xcassets */; };
		18CBF53129ECE36500BD2716 /* Preview Assets.xcassets in Resources */ = {isa = PBXBuildFile; fileRef = 18CBF53029ECE36500BD2716 /* Preview Assets.xcassets */; };
		18CBF53B29ECE36500BD2716 /* VideoPlayerTests.swift in Sources */ = {isa = PBXBuildFile; fileRef = 18CBF53A29ECE36500BD2716 /* VideoPlayerTests.swift */; };
		18CBF54529ECE36500BD2716 /* VideoPlayerUITests.swift in Sources */ = {isa = PBXBuildFile; fileRef = 18CBF54429ECE36500BD2716 /* VideoPlayerUITests.swift */; };
		18CBF54729ECE36500BD2716 /* VideoPlayerUITestsLaunchTests.swift in Sources */ = {isa = PBXBuildFile; fileRef = 18CBF54629ECE36500BD2716 /* VideoPlayerUITestsLaunchTests.swift */; };
		18D987C629EF74E90098BB03 /* Metal.framework in Frameworks */ = {isa = PBXBuildFile; fileRef = 182A556829ED0252007CC9A5 /* Metal.framework */; };
		18D987C729EF74EF0098BB03 /* VideoToolbox.framework in Frameworks */ = {isa = PBXBuildFile; fileRef = 182A556629ED024A007CC9A5 /* VideoToolbox.framework */; };
		18D987C829EF74FD0098BB03 /* CoreVideo.framework in Frameworks */ = {isa = PBXBuildFile; fileRef = 182A556429ED0243007CC9A5 /* CoreVideo.framework */; };
		18D987C929EF75050098BB03 /* CoreMedia.framework in Frameworks */ = {isa = PBXBuildFile; fileRef = 182A556229ED023D007CC9A5 /* CoreMedia.framework */; };
		18D987CA29EF75130098BB03 /* AVFoundation.framework in Frameworks */ = {isa = PBXBuildFile; fileRef = 182A555E29ED022E007CC9A5 /* AVFoundation.framework */; };
		18D987CB29EF751C0098BB03 /* AudioToolbox.framework in Frameworks */ = {isa = PBXBuildFile; fileRef = 182A555C29ED0227007CC9A5 /* AudioToolbox.framework */; };
		18D987CC29EF75230098BB03 /* AssetsLibrary.framework in Frameworks */ = {isa = PBXBuildFile; fileRef = 182A555A29ED0220007CC9A5 /* AssetsLibrary.framework */; };
/* End PBXBuildFile section */

/* Begin PBXContainerItemProxy section */
		18CBF53729ECE36500BD2716 /* PBXContainerItemProxy */ = {
			isa = PBXContainerItemProxy;
			containerPortal = 18CBF51E29ECE36300BD2716 /* Project object */;
			proxyType = 1;
			remoteGlobalIDString = 18CBF52529ECE36300BD2716;
			remoteInfo = VideoPlayer;
		};
		18CBF54129ECE36500BD2716 /* PBXContainerItemProxy */ = {
			isa = PBXContainerItemProxy;
			containerPortal = 18CBF51E29ECE36300BD2716 /* Project object */;
			proxyType = 1;
			remoteGlobalIDString = 18CBF52529ECE36300BD2716;
			remoteInfo = VideoPlayer;
		};
/* End PBXContainerItemProxy section */

/* Begin PBXFileReference section */
		182A555829ED01BD007CC9A5 /* libresolv.tbd */ = {isa = PBXFileReference; lastKnownFileType = "sourcecode.text-based-dylib-definition"; name = libresolv.tbd; path = usr/lib/libresolv.tbd; sourceTree = SDKROOT; };
		182A555929ED01D1007CC9A5 /* libiconv.tbd */ = {isa = PBXFileReference; lastKnownFileType = "sourcecode.text-based-dylib-definition"; name = libiconv.tbd; path = usr/lib/libiconv.tbd; sourceTree = SDKROOT; };
		182A555A29ED0220007CC9A5 /* AssetsLibrary.framework */ = {isa = PBXFileReference; lastKnownFileType = wrapper.framework; name = AssetsLibrary.framework; path = System/Library/Frameworks/AssetsLibrary.framework; sourceTree = SDKROOT; };
		182A555C29ED0227007CC9A5 /* AudioToolbox.framework */ = {isa = PBXFileReference; lastKnownFileType = wrapper.framework; name = AudioToolbox.framework; path = System/Library/Frameworks/AudioToolbox.framework; sourceTree = SDKROOT; };
		182A555E29ED022E007CC9A5 /* AVFoundation.framework */ = {isa = PBXFileReference; lastKnownFileType = wrapper.framework; name = AVFoundation.framework; path = System/Library/Frameworks/AVFoundation.framework; sourceTree = SDKROOT; };
		182A556029ED0235007CC9A5 /* CoreAudio.framework */ = {isa = PBXFileReference; lastKnownFileType = wrapper.framework; name = CoreAudio.framework; path = System/Library/Frameworks/CoreAudio.framework; sourceTree = SDKROOT; };
		182A556229ED023D007CC9A5 /* CoreMedia.framework */ = {isa = PBXFileReference; lastKnownFileType = wrapper.framework; name = CoreMedia.framework; path = System/Library/Frameworks/CoreMedia.framework; sourceTree = SDKROOT; };
		182A556429ED0243007CC9A5 /* CoreVideo.framework */ = {isa = PBXFileReference; lastKnownFileType = wrapper.framework; name = CoreVideo.framework; path = System/Library/Frameworks/CoreVideo.framework; sourceTree = SDKROOT; };
		182A556629ED024A007CC9A5 /* VideoToolbox.framework */ = {isa = PBXFileReference; lastKnownFileType = wrapper.framework; name = VideoToolbox.framework; path = System/Library/Frameworks/VideoToolbox.framework; sourceTree = SDKROOT; };
		182A556829ED0252007CC9A5 /* Metal.framework */ = {isa = PBXFileReference; lastKnownFileType = wrapper.framework; name = Metal.framework; path = System/Library/Frameworks/Metal.framework; sourceTree = SDKROOT; };
		183E071029EFA2EB008F51A3 /* RtspPlayer.swift */ = {isa = PBXFileReference; lastKnownFileType = sourcecode.swift; path = RtspPlayer.swift; sourceTree = "<group>"; };
		187D56FA29EF9A6400484D41 /* RTSPServer.m */ = {isa = PBXFileReference; lastKnownFileType = sourcecode.c.objc; path = RTSPServer.m; sourceTree = "<group>"; };
		187D56FC29EF9A7500484D41 /* RTSPServer.h */ = {isa = PBXFileReference; lastKnownFileType = sourcecode.c.h; path = RTSPServer.h; sourceTree = "<group>"; };
		188973A929FC080900582FC5 /* GStreamerPlayer.h */ = {isa = PBXFileReference; lastKnownFileType = sourcecode.c.h; path = GStreamerPlayer.h; sourceTree = "<group>"; };
		188973AA29FC082600582FC5 /* GStreamerPlayer.m */ = {isa = PBXFileReference; lastKnownFileType = sourcecode.c.objc; path = GStreamerPlayer.m; sourceTree = "<group>"; };
		188973AC29FC08CB00582FC5 /* GStreamerVideoViewController.swift */ = {isa = PBXFileReference; lastKnownFileType = sourcecode.swift; path = GStreamerVideoViewController.swift; sourceTree = "<group>"; };
		188973AE29FC096000582FC5 /* GStreamerBackendDelegate.h */ = {isa = PBXFileReference; lastKnownFileType = sourcecode.c.h; path = GStreamerBackendDelegate.h; sourceTree = "<group>"; };
		188973B129FEDEDA00582FC5 /* RTSPServer.swift */ = {isa = PBXFileReference; lastKnownFileType = sourcecode.swift; path = RTSPServer.swift; sourceTree = "<group>"; };
		188973B329FF113E00582FC5 /* CreateToken.swift */ = {isa = PBXFileReference; lastKnownFileType = sourcecode.swift; path = CreateToken.swift; sourceTree = "<group>"; };
		188CBA0229ED0D860038A71D /* AppDelegate.swift */ = {isa = PBXFileReference; lastKnownFileType = sourcecode.swift; path = AppDelegate.swift; sourceTree = "<group>"; };
		188CBA4B29ED50E70038A71D /* Info.plist */ = {isa = PBXFileReference; lastKnownFileType = text.plist; path = Info.plist; sourceTree = "<group>"; };
		188CBA4C29EE9EAE0038A71D /* gst_ios_init.h */ = {isa = PBXFileReference; lastKnownFileType = sourcecode.c.h; path = gst_ios_init.h; sourceTree = "<group>"; };
		188CBA4D29EE9ECA0038A71D /* gst_ios_init.m */ = {isa = PBXFileReference; lastKnownFileType = sourcecode.c.objc; path = gst_ios_init.m; sourceTree = "<group>"; };
		18CBF52629ECE36300BD2716 /* VideoPlayer.app */ = {isa = PBXFileReference; explicitFileType = wrapper.application; includeInIndex = 0; path = VideoPlayer.app; sourceTree = BUILT_PRODUCTS_DIR; };
		18CBF52929ECE36300BD2716 /* VideoPlayerApp.swift */ = {isa = PBXFileReference; lastKnownFileType = sourcecode.swift; path = VideoPlayerApp.swift; sourceTree = "<group>"; };
		18CBF52B29ECE36300BD2716 /* ContentView.swift */ = {isa = PBXFileReference; lastKnownFileType = sourcecode.swift; path = ContentView.swift; sourceTree = "<group>"; };
		18CBF52D29ECE36500BD2716 /* Assets.xcassets */ = {isa = PBXFileReference; lastKnownFileType = folder.assetcatalog; path = Assets.xcassets; sourceTree = "<group>"; };
		18CBF53029ECE36500BD2716 /* Preview Assets.xcassets */ = {isa = PBXFileReference; lastKnownFileType = folder.assetcatalog; path = "Preview Assets.xcassets"; sourceTree = "<group>"; };
		18CBF53629ECE36500BD2716 /* VideoPlayerTests.xctest */ = {isa = PBXFileReference; explicitFileType = wrapper.cfbundle; includeInIndex = 0; path = VideoPlayerTests.xctest; sourceTree = BUILT_PRODUCTS_DIR; };
		18CBF53A29ECE36500BD2716 /* VideoPlayerTests.swift */ = {isa = PBXFileReference; lastKnownFileType = sourcecode.swift; path = VideoPlayerTests.swift; sourceTree = "<group>"; };
		18CBF54029ECE36500BD2716 /* VideoPlayerUITests.xctest */ = {isa = PBXFileReference; explicitFileType = wrapper.cfbundle; includeInIndex = 0; path = VideoPlayerUITests.xctest; sourceTree = BUILT_PRODUCTS_DIR; };
		18CBF54429ECE36500BD2716 /* VideoPlayerUITests.swift */ = {isa = PBXFileReference; lastKnownFileType = sourcecode.swift; path = VideoPlayerUITests.swift; sourceTree = "<group>"; };
		18CBF54629ECE36500BD2716 /* VideoPlayerUITestsLaunchTests.swift */ = {isa = PBXFileReference; lastKnownFileType = sourcecode.swift; path = VideoPlayerUITestsLaunchTests.swift; sourceTree = "<group>"; };
		18CBF55329ECE71D00BD2716 /* VideoPlayer-Bridging-Header.h */ = {isa = PBXFileReference; lastKnownFileType = sourcecode.c.h; path = "VideoPlayer-Bridging-Header.h"; sourceTree = "<group>"; };
		18CBF55C29ECEA2E00BD2716 /* GStreamer.framework */ = {isa = PBXFileReference; lastKnownFileType = wrapper.framework; name = GStreamer.framework; path = ../../../../../Users/usamaliaqat/Library/Developer/GStreamer/iPhone.sdk/GStreamer.framework; sourceTree = "<group>"; };
/* End PBXFileReference section */

/* Begin PBXFrameworksBuildPhase section */
		18CBF52329ECE36300BD2716 /* Frameworks */ = {
			isa = PBXFrameworksBuildPhase;
			buildActionMask = 2147483647;
			files = (
				18D987C929EF75050098BB03 /* CoreMedia.framework in Frameworks */,
				18D987C729EF74EF0098BB03 /* VideoToolbox.framework in Frameworks */,
				188CBA4729ED13A60038A71D /* libiconv.tbd in Frameworks */,
				18D987CB29EF751C0098BB03 /* AudioToolbox.framework in Frameworks */,
				18D987C629EF74E90098BB03 /* Metal.framework in Frameworks */,
				188CBA4829ED15AB0038A71D /* GStreamer.framework in Frameworks */,
				18D987CC29EF75230098BB03 /* AssetsLibrary.framework in Frameworks */,
				182097E029EF7AE100FD6E49 /* libresolv.tbd in Frameworks */,
				18D987CA29EF75130098BB03 /* AVFoundation.framework in Frameworks */,
				18D987C829EF74FD0098BB03 /* CoreVideo.framework in Frameworks */,
			);
			runOnlyForDeploymentPostprocessing = 0;
		};
		18CBF53329ECE36500BD2716 /* Frameworks */ = {
			isa = PBXFrameworksBuildPhase;
			buildActionMask = 2147483647;
			files = (
			);
			runOnlyForDeploymentPostprocessing = 0;
		};
		18CBF53D29ECE36500BD2716 /* Frameworks */ = {
			isa = PBXFrameworksBuildPhase;
			buildActionMask = 2147483647;
			files = (
			);
			runOnlyForDeploymentPostprocessing = 0;
		};
/* End PBXFrameworksBuildPhase section */

/* Begin PBXGroup section */
		18CBF51D29ECE36300BD2716 = {
			isa = PBXGroup;
			children = (
				18CBF52829ECE36300BD2716 /* VideoPlayer */,
				18CBF53929ECE36500BD2716 /* VideoPlayerTests */,
				18CBF54329ECE36500BD2716 /* VideoPlayerUITests */,
				18CBF52729ECE36300BD2716 /* Products */,
				18CBF55B29ECEA2E00BD2716 /* Frameworks */,
			);
			sourceTree = "<group>";
		};
		18CBF52729ECE36300BD2716 /* Products */ = {
			isa = PBXGroup;
			children = (
				18CBF52629ECE36300BD2716 /* VideoPlayer.app */,
				18CBF53629ECE36500BD2716 /* VideoPlayerTests.xctest */,
				18CBF54029ECE36500BD2716 /* VideoPlayerUITests.xctest */,
			);
			name = Products;
			sourceTree = "<group>";
		};
		18CBF52829ECE36300BD2716 /* VideoPlayer */ = {
			isa = PBXGroup;
			children = (
				188CBA4B29ED50E70038A71D /* Info.plist */,
				18CBF52929ECE36300BD2716 /* VideoPlayerApp.swift */,
				18CBF52B29ECE36300BD2716 /* ContentView.swift */,
				18CBF52D29ECE36500BD2716 /* Assets.xcassets */,
				18CBF52F29ECE36500BD2716 /* Preview Content */,
				18CBF55329ECE71D00BD2716 /* VideoPlayer-Bridging-Header.h */,
				188CBA0229ED0D860038A71D /* AppDelegate.swift */,
				188CBA4C29EE9EAE0038A71D /* gst_ios_init.h */,
				188CBA4D29EE9ECA0038A71D /* gst_ios_init.m */,
				187D56FA29EF9A6400484D41 /* RTSPServer.m */,
				187D56FC29EF9A7500484D41 /* RTSPServer.h */,
				183E071029EFA2EB008F51A3 /* RtspPlayer.swift */,
				188973A929FC080900582FC5 /* GStreamerPlayer.h */,
				188973AA29FC082600582FC5 /* GStreamerPlayer.m */,
				188973AC29FC08CB00582FC5 /* GStreamerVideoViewController.swift */,
				188973AE29FC096000582FC5 /* GStreamerBackendDelegate.h */,
				188973B129FEDEDA00582FC5 /* RTSPServer.swift */,
				188973B329FF113E00582FC5 /* CreateToken.swift */,
			);
			path = VideoPlayer;
			sourceTree = "<group>";
		};
		18CBF52F29ECE36500BD2716 /* Preview Content */ = {
			isa = PBXGroup;
			children = (
				18CBF53029ECE36500BD2716 /* Preview Assets.xcassets */,
			);
			path = "Preview Content";
			sourceTree = "<group>";
		};
		18CBF53929ECE36500BD2716 /* VideoPlayerTests */ = {
			isa = PBXGroup;
			children = (
				18CBF53A29ECE36500BD2716 /* VideoPlayerTests.swift */,
			);
			path = VideoPlayerTests;
			sourceTree = "<group>";
		};
		18CBF54329ECE36500BD2716 /* VideoPlayerUITests */ = {
			isa = PBXGroup;
			children = (
				18CBF54429ECE36500BD2716 /* VideoPlayerUITests.swift */,
				18CBF54629ECE36500BD2716 /* VideoPlayerUITestsLaunchTests.swift */,
			);
			path = VideoPlayerUITests;
			sourceTree = "<group>";
		};
		18CBF55B29ECEA2E00BD2716 /* Frameworks */ = {
			isa = PBXGroup;
			children = (
				182A556829ED0252007CC9A5 /* Metal.framework */,
				182A556629ED024A007CC9A5 /* VideoToolbox.framework */,
				182A556429ED0243007CC9A5 /* CoreVideo.framework */,
				182A556229ED023D007CC9A5 /* CoreMedia.framework */,
				182A556029ED0235007CC9A5 /* CoreAudio.framework */,
				182A555E29ED022E007CC9A5 /* AVFoundation.framework */,
				182A555C29ED0227007CC9A5 /* AudioToolbox.framework */,
				182A555A29ED0220007CC9A5 /* AssetsLibrary.framework */,
				182A555929ED01D1007CC9A5 /* libiconv.tbd */,
				182A555829ED01BD007CC9A5 /* libresolv.tbd */,
				18CBF55C29ECEA2E00BD2716 /* GStreamer.framework */,
			);
			name = Frameworks;
			sourceTree = "<group>";
		};
/* End PBXGroup section */

/* Begin PBXNativeTarget section */
		18CBF52529ECE36300BD2716 /* VideoPlayer */ = {
			isa = PBXNativeTarget;
			buildConfigurationList = 18CBF54A29ECE36500BD2716 /* Build configuration list for PBXNativeTarget "VideoPlayer" */;
			buildPhases = (
				18CBF52229ECE36300BD2716 /* Sources */,
				18CBF52329ECE36300BD2716 /* Frameworks */,
				18CBF52429ECE36300BD2716 /* Resources */,
			);
			buildRules = (
			);
			dependencies = (
			);
			name = VideoPlayer;
			productName = VideoPlayer;
			productReference = 18CBF52629ECE36300BD2716 /* VideoPlayer.app */;
			productType = "com.apple.product-type.application";
		};
		18CBF53529ECE36500BD2716 /* VideoPlayerTests */ = {
			isa = PBXNativeTarget;
			buildConfigurationList = 18CBF54D29ECE36500BD2716 /* Build configuration list for PBXNativeTarget "VideoPlayerTests" */;
			buildPhases = (
				18CBF53229ECE36500BD2716 /* Sources */,
				18CBF53329ECE36500BD2716 /* Frameworks */,
				18CBF53429ECE36500BD2716 /* Resources */,
			);
			buildRules = (
			);
			dependencies = (
				18CBF53829ECE36500BD2716 /* PBXTargetDependency */,
			);
			name = VideoPlayerTests;
			productName = VideoPlayerTests;
			productReference = 18CBF53629ECE36500BD2716 /* VideoPlayerTests.xctest */;
			productType = "com.apple.product-type.bundle.unit-test";
		};
		18CBF53F29ECE36500BD2716 /* VideoPlayerUITests */ = {
			isa = PBXNativeTarget;
			buildConfigurationList = 18CBF55029ECE36500BD2716 /* Build configuration list for PBXNativeTarget "VideoPlayerUITests" */;
			buildPhases = (
				18CBF53C29ECE36500BD2716 /* Sources */,
				18CBF53D29ECE36500BD2716 /* Frameworks */,
				18CBF53E29ECE36500BD2716 /* Resources */,
			);
			buildRules = (
			);
			dependencies = (
				18CBF54229ECE36500BD2716 /* PBXTargetDependency */,
			);
			name = VideoPlayerUITests;
			productName = VideoPlayerUITests;
			productReference = 18CBF54029ECE36500BD2716 /* VideoPlayerUITests.xctest */;
			productType = "com.apple.product-type.bundle.ui-testing";
		};
/* End PBXNativeTarget section */

/* Begin PBXProject section */
		18CBF51E29ECE36300BD2716 /* Project object */ = {
			isa = PBXProject;
			attributes = {
				BuildIndependentTargetsInParallel = 1;
				LastSwiftUpdateCheck = 1430;
				LastUpgradeCheck = 1430;
				TargetAttributes = {
					18CBF52529ECE36300BD2716 = {
						CreatedOnToolsVersion = 14.3;
						LastSwiftMigration = 1430;
					};
					18CBF53529ECE36500BD2716 = {
						CreatedOnToolsVersion = 14.3;
						TestTargetID = 18CBF52529ECE36300BD2716;
					};
					18CBF53F29ECE36500BD2716 = {
						CreatedOnToolsVersion = 14.3;
						TestTargetID = 18CBF52529ECE36300BD2716;
					};
				};
			};
			buildConfigurationList = 18CBF52129ECE36300BD2716 /* Build configuration list for PBXProject "VideoPlayer" */;
			compatibilityVersion = "Xcode 14.0";
			developmentRegion = en;
			hasScannedForEncodings = 0;
			knownRegions = (
				en,
				Base,
			);
			mainGroup = 18CBF51D29ECE36300BD2716;
			productRefGroup = 18CBF52729ECE36300BD2716 /* Products */;
			projectDirPath = "";
			projectRoot = "";
			targets = (
				18CBF52529ECE36300BD2716 /* VideoPlayer */,
				18CBF53529ECE36500BD2716 /* VideoPlayerTests */,
				18CBF53F29ECE36500BD2716 /* VideoPlayerUITests */,
			);
		};
/* End PBXProject section */

/* Begin PBXResourcesBuildPhase section */
		18CBF52429ECE36300BD2716 /* Resources */ = {
			isa = PBXResourcesBuildPhase;
			buildActionMask = 2147483647;
			files = (
				18CBF53129ECE36500BD2716 /* Preview Assets.xcassets in Resources */,
				18CBF52E29ECE36500BD2716 /* Assets.xcassets in Resources */,
			);
			runOnlyForDeploymentPostprocessing = 0;
		};
		18CBF53429ECE36500BD2716 /* Resources */ = {
			isa = PBXResourcesBuildPhase;
			buildActionMask = 2147483647;
			files = (
			);
			runOnlyForDeploymentPostprocessing = 0;
		};
		18CBF53E29ECE36500BD2716 /* Resources */ = {
			isa = PBXResourcesBuildPhase;
			buildActionMask = 2147483647;
			files = (
			);
			runOnlyForDeploymentPostprocessing = 0;
		};
/* End PBXResourcesBuildPhase section */

/* Begin PBXSourcesBuildPhase section */
		18CBF52229ECE36300BD2716 /* Sources */ = {
			isa = PBXSourcesBuildPhase;
			buildActionMask = 2147483647;
			files = (
				18CBF52C29ECE36300BD2716 /* ContentView.swift in Sources */,
				18CBF52A29ECE36300BD2716 /* VideoPlayerApp.swift in Sources */,
				188CBA0329ED0D860038A71D /* AppDelegate.swift in Sources */,
				188973AB29FC082600582FC5 /* GStreamerPlayer.m in Sources */,
				187D56FB29EF9A6400484D41 /* RTSPServer.m in Sources */,
				188973B429FF113E00582FC5 /* CreateToken.swift in Sources */,
				183E071129EFA2EB008F51A3 /* RtspPlayer.swift in Sources */,
				188973AD29FC08CB00582FC5 /* GStreamerVideoViewController.swift in Sources */,
				188973B229FEDEDA00582FC5 /* RTSPServer.swift in Sources */,
				188CBA4E29EE9ECA0038A71D /* gst_ios_init.m in Sources */,
			);
			runOnlyForDeploymentPostprocessing = 0;
		};
		18CBF53229ECE36500BD2716 /* Sources */ = {
			isa = PBXSourcesBuildPhase;
			buildActionMask = 2147483647;
			files = (
				18CBF53B29ECE36500BD2716 /* VideoPlayerTests.swift in Sources */,
			);
			runOnlyForDeploymentPostprocessing = 0;
		};
		18CBF53C29ECE36500BD2716 /* Sources */ = {
			isa = PBXSourcesBuildPhase;
			buildActionMask = 2147483647;
			files = (
				18CBF54529ECE36500BD2716 /* VideoPlayerUITests.swift in Sources */,
				18CBF54729ECE36500BD2716 /* VideoPlayerUITestsLaunchTests.swift in Sources */,
			);
			runOnlyForDeploymentPostprocessing = 0;
		};
/* End PBXSourcesBuildPhase section */

/* Begin PBXTargetDependency section */
		18CBF53829ECE36500BD2716 /* PBXTargetDependency */ = {
			isa = PBXTargetDependency;
			target = 18CBF52529ECE36300BD2716 /* VideoPlayer */;
			targetProxy = 18CBF53729ECE36500BD2716 /* PBXContainerItemProxy */;
		};
		18CBF54229ECE36500BD2716 /* PBXTargetDependency */ = {
			isa = PBXTargetDependency;
			target = 18CBF52529ECE36300BD2716 /* VideoPlayer */;
			targetProxy = 18CBF54129ECE36500BD2716 /* PBXContainerItemProxy */;
		};
/* End PBXTargetDependency section */

/* Begin XCBuildConfiguration section */
		18CBF54829ECE36500BD2716 /* Debug */ = {
			isa = XCBuildConfiguration;
			buildSettings = {
				ALWAYS_SEARCH_USER_PATHS = NO;
				CLANG_ANALYZER_NONNULL = YES;
				CLANG_ANALYZER_NUMBER_OBJECT_CONVERSION = YES_AGGRESSIVE;
				CLANG_CXX_LANGUAGE_STANDARD = "gnu++20";
				CLANG_ENABLE_MODULES = YES;
				CLANG_ENABLE_OBJC_ARC = YES;
				CLANG_ENABLE_OBJC_WEAK = YES;
				CLANG_WARN_BLOCK_CAPTURE_AUTORELEASING = YES;
				CLANG_WARN_BOOL_CONVERSION = YES;
				CLANG_WARN_COMMA = YES;
				CLANG_WARN_CONSTANT_CONVERSION = YES;
				CLANG_WARN_DEPRECATED_OBJC_IMPLEMENTATIONS = YES;
				CLANG_WARN_DIRECT_OBJC_ISA_USAGE = YES_ERROR;
				CLANG_WARN_DOCUMENTATION_COMMENTS = YES;
				CLANG_WARN_EMPTY_BODY = YES;
				CLANG_WARN_ENUM_CONVERSION = YES;
				CLANG_WARN_INFINITE_RECURSION = YES;
				CLANG_WARN_INT_CONVERSION = YES;
				CLANG_WARN_NON_LITERAL_NULL_CONVERSION = YES;
				CLANG_WARN_OBJC_IMPLICIT_RETAIN_SELF = YES;
				CLANG_WARN_OBJC_LITERAL_CONVERSION = YES;
				CLANG_WARN_OBJC_ROOT_CLASS = YES_ERROR;
				CLANG_WARN_QUOTED_INCLUDE_IN_FRAMEWORK_HEADER = YES;
				CLANG_WARN_RANGE_LOOP_ANALYSIS = YES;
				CLANG_WARN_STRICT_PROTOTYPES = YES;
				CLANG_WARN_SUSPICIOUS_MOVE = YES;
				CLANG_WARN_UNGUARDED_AVAILABILITY = YES_AGGRESSIVE;
				CLANG_WARN_UNREACHABLE_CODE = YES;
				CLANG_WARN__DUPLICATE_METHOD_MATCH = YES;
				COPY_PHASE_STRIP = NO;
				DEBUG_INFORMATION_FORMAT = dwarf;
				ENABLE_STRICT_OBJC_MSGSEND = YES;
				ENABLE_TESTABILITY = YES;
				GCC_C_LANGUAGE_STANDARD = gnu11;
				GCC_DYNAMIC_NO_PIC = NO;
				GCC_NO_COMMON_BLOCKS = YES;
				GCC_OPTIMIZATION_LEVEL = 0;
				GCC_PREPROCESSOR_DEFINITIONS = (
					"DEBUG=1",
					"$(inherited)",
				);
				GCC_WARN_64_TO_32_BIT_CONVERSION = YES;
				GCC_WARN_ABOUT_RETURN_TYPE = YES_ERROR;
				GCC_WARN_UNDECLARED_SELECTOR = YES;
				GCC_WARN_UNINITIALIZED_AUTOS = YES_AGGRESSIVE;
				GCC_WARN_UNUSED_FUNCTION = YES;
				GCC_WARN_UNUSED_VARIABLE = YES;
				IPHONEOS_DEPLOYMENT_TARGET = 16.4;
				MTL_ENABLE_DEBUG_INFO = INCLUDE_SOURCE;
				MTL_FAST_MATH = YES;
				ONLY_ACTIVE_ARCH = YES;
				SDKROOT = iphoneos;
				SWIFT_ACTIVE_COMPILATION_CONDITIONS = DEBUG;
				SWIFT_OPTIMIZATION_LEVEL = "-Onone";
			};
			name = Debug;
		};
		18CBF54929ECE36500BD2716 /* Release */ = {
			isa = XCBuildConfiguration;
			buildSettings = {
				ALWAYS_SEARCH_USER_PATHS = NO;
				CLANG_ANALYZER_NONNULL = YES;
				CLANG_ANALYZER_NUMBER_OBJECT_CONVERSION = YES_AGGRESSIVE;
				CLANG_CXX_LANGUAGE_STANDARD = "gnu++20";
				CLANG_ENABLE_MODULES = YES;
				CLANG_ENABLE_OBJC_ARC = YES;
				CLANG_ENABLE_OBJC_WEAK = YES;
				CLANG_WARN_BLOCK_CAPTURE_AUTORELEASING = YES;
				CLANG_WARN_BOOL_CONVERSION = YES;
				CLANG_WARN_COMMA = YES;
				CLANG_WARN_CONSTANT_CONVERSION = YES;
				CLANG_WARN_DEPRECATED_OBJC_IMPLEMENTATIONS = YES;
				CLANG_WARN_DIRECT_OBJC_ISA_USAGE = YES_ERROR;
				CLANG_WARN_DOCUMENTATION_COMMENTS = YES;
				CLANG_WARN_EMPTY_BODY = YES;
				CLANG_WARN_ENUM_CONVERSION = YES;
				CLANG_WARN_INFINITE_RECURSION = YES;
				CLANG_WARN_INT_CONVERSION = YES;
				CLANG_WARN_NON_LITERAL_NULL_CONVERSION = YES;
				CLANG_WARN_OBJC_IMPLICIT_RETAIN_SELF = YES;
				CLANG_WARN_OBJC_LITERAL_CONVERSION = YES;
				CLANG_WARN_OBJC_ROOT_CLASS = YES_ERROR;
				CLANG_WARN_QUOTED_INCLUDE_IN_FRAMEWORK_HEADER = YES;
				CLANG_WARN_RANGE_LOOP_ANALYSIS = YES;
				CLANG_WARN_STRICT_PROTOTYPES = YES;
				CLANG_WARN_SUSPICIOUS_MOVE = YES;
				CLANG_WARN_UNGUARDED_AVAILABILITY = YES_AGGRESSIVE;
				CLANG_WARN_UNREACHABLE_CODE = YES;
				CLANG_WARN__DUPLICATE_METHOD_MATCH = YES;
				COPY_PHASE_STRIP = NO;
				DEBUG_INFORMATION_FORMAT = "dwarf-with-dsym";
				ENABLE_NS_ASSERTIONS = NO;
				ENABLE_STRICT_OBJC_MSGSEND = YES;
				GCC_C_LANGUAGE_STANDARD = gnu11;
				GCC_NO_COMMON_BLOCKS = YES;
				GCC_WARN_64_TO_32_BIT_CONVERSION = YES;
				GCC_WARN_ABOUT_RETURN_TYPE = YES_ERROR;
				GCC_WARN_UNDECLARED_SELECTOR = YES;
				GCC_WARN_UNINITIALIZED_AUTOS = YES_AGGRESSIVE;
				GCC_WARN_UNUSED_FUNCTION = YES;
				GCC_WARN_UNUSED_VARIABLE = YES;
				IPHONEOS_DEPLOYMENT_TARGET = 16.4;
				MTL_ENABLE_DEBUG_INFO = NO;
				MTL_FAST_MATH = YES;
				SDKROOT = iphoneos;
				SWIFT_COMPILATION_MODE = wholemodule;
				SWIFT_OPTIMIZATION_LEVEL = "-O";
				VALIDATE_PRODUCT = YES;
			};
			name = Release;
		};
		18CBF54B29ECE36500BD2716 /* Debug */ = {
			isa = XCBuildConfiguration;
			buildSettings = {
				ASSETCATALOG_COMPILER_APPICON_NAME = AppIcon;
				ASSETCATALOG_COMPILER_GLOBAL_ACCENT_COLOR_NAME = AccentColor;
				ASSETCATALOG_COMPILER_INCLUDE_ALL_APPICON_ASSETS = YES;
				CLANG_ENABLE_MODULES = YES;
				CODE_SIGN_STYLE = Automatic;
				CURRENT_PROJECT_VERSION = 1;
				DEVELOPMENT_ASSET_PATHS = "\"VideoPlayer/Preview Content\"";
				ENABLE_PREVIEWS = YES;
				FRAMEWORK_SEARCH_PATHS = "$(HOME)/Library/Developer/GStreamer/iPhone.sdk";
				GENERATE_INFOPLIST_FILE = YES;
				HEADER_SEARCH_PATHS = "\"$(HOME)/Library/Developer/GStreamer/iPhone.sdk/GStreamer.framework/Headers\"";
				INFOPLIST_FILE = VideoPlayer/Info.plist;
				INFOPLIST_KEY_UIApplicationSceneManifest_Generation = YES;
				INFOPLIST_KEY_UIApplicationSupportsIndirectInputEvents = YES;
				INFOPLIST_KEY_UILaunchScreen_Generation = YES;
				INFOPLIST_KEY_UISupportedInterfaceOrientations_iPad = "UIInterfaceOrientationPortrait UIInterfaceOrientationPortraitUpsideDown UIInterfaceOrientationLandscapeLeft UIInterfaceOrientationLandscapeRight";
				INFOPLIST_KEY_UISupportedInterfaceOrientations_iPhone = "UIInterfaceOrientationPortrait UIInterfaceOrientationLandscapeLeft UIInterfaceOrientationLandscapeRight";
				LD_RUNPATH_SEARCH_PATHS = (
					"$(inherited)",
					"@executable_path/Frameworks",
				);
				LIBRARY_SEARCH_PATHS = "$(HOME)/Library/Developer/GStreamer/iPhone.sdk";
				MARKETING_VERSION = 1.0;
				ONLY_ACTIVE_ARCH = YES;
				OTHER_LDFLAGS = (
					"-lresolv",
					"-lc++",
				);
				PRODUCT_BUNDLE_IDENTIFIER = com.remmie.VideoPlayer;
				PRODUCT_NAME = "$(TARGET_NAME)";
				SWIFT_EMIT_LOC_STRINGS = YES;
				SWIFT_OBJC_BRIDGING_HEADER = "VideoPlayer/VideoPlayer-Bridging-Header.h";
				SWIFT_OPTIMIZATION_LEVEL = "-Onone";
				SWIFT_VERSION = 5.0;
				TARGETED_DEVICE_FAMILY = "1,2";
			};
			name = Debug;
		};
		18CBF54C29ECE36500BD2716 /* Release */ = {
			isa = XCBuildConfiguration;
			buildSettings = {
				ASSETCATALOG_COMPILER_APPICON_NAME = AppIcon;
				ASSETCATALOG_COMPILER_GLOBAL_ACCENT_COLOR_NAME = AccentColor;
				ASSETCATALOG_COMPILER_INCLUDE_ALL_APPICON_ASSETS = YES;
				CLANG_ENABLE_MODULES = YES;
				CODE_SIGN_STYLE = Automatic;
				CURRENT_PROJECT_VERSION = 1;
				DEVELOPMENT_ASSET_PATHS = "\"VideoPlayer/Preview Content\"";
				ENABLE_PREVIEWS = YES;
				FRAMEWORK_SEARCH_PATHS = "$(HOME)/Library/Developer/GStreamer/iPhone.sdk";
				GENERATE_INFOPLIST_FILE = YES;
				HEADER_SEARCH_PATHS = "\"$(HOME)/Library/Developer/GStreamer/iPhone.sdk/GStreamer.framework/Headers\"";
				INFOPLIST_FILE = VideoPlayer/Info.plist;
				INFOPLIST_KEY_UIApplicationSceneManifest_Generation = YES;
				INFOPLIST_KEY_UIApplicationSupportsIndirectInputEvents = YES;
				INFOPLIST_KEY_UILaunchScreen_Generation = YES;
				INFOPLIST_KEY_UISupportedInterfaceOrientations_iPad = "UIInterfaceOrientationPortrait UIInterfaceOrientationPortraitUpsideDown UIInterfaceOrientationLandscapeLeft UIInterfaceOrientationLandscapeRight";
				INFOPLIST_KEY_UISupportedInterfaceOrientations_iPhone = "UIInterfaceOrientationPortrait UIInterfaceOrientationLandscapeLeft UIInterfaceOrientationLandscapeRight";
				LD_RUNPATH_SEARCH_PATHS = (
					"$(inherited)",
					"@executable_path/Frameworks",
				);
				LIBRARY_SEARCH_PATHS = "$(HOME)/Library/Developer/GStreamer/iPhone.sdk";
				MARKETING_VERSION = 1.0;
				ONLY_ACTIVE_ARCH = YES;
				OTHER_LDFLAGS = (
					"-lresolv",
					"-lc++",
				);
				PRODUCT_BUNDLE_IDENTIFIER = com.remmie.VideoPlayer;
				PRODUCT_NAME = "$(TARGET_NAME)";
				SWIFT_EMIT_LOC_STRINGS = YES;
				SWIFT_OBJC_BRIDGING_HEADER = "VideoPlayer/VideoPlayer-Bridging-Header.h";
				SWIFT_VERSION = 5.0;
				TARGETED_DEVICE_FAMILY = "1,2";
			};
			name = Release;
		};
		18CBF54E29ECE36500BD2716 /* Debug */ = {
			isa = XCBuildConfiguration;
			buildSettings = {
				ALWAYS_EMBED_SWIFT_STANDARD_LIBRARIES = YES;
				BUNDLE_LOADER = "$(TEST_HOST)";
				CODE_SIGN_STYLE = Automatic;
				CURRENT_PROJECT_VERSION = 1;
				GENERATE_INFOPLIST_FILE = YES;
				IPHONEOS_DEPLOYMENT_TARGET = 16.4;
				MARKETING_VERSION = 1.0;
				ONLY_ACTIVE_ARCH = YES;
				PRODUCT_BUNDLE_IDENTIFIER = com.remmie.VideoPlayerTests;
				PRODUCT_NAME = "$(TARGET_NAME)";
				SWIFT_EMIT_LOC_STRINGS = NO;
				SWIFT_VERSION = 5.0;
				TARGETED_DEVICE_FAMILY = "1,2";
				TEST_HOST = "$(BUILT_PRODUCTS_DIR)/VideoPlayer.app/$(BUNDLE_EXECUTABLE_FOLDER_PATH)/VideoPlayer";
			};
			name = Debug;
		};
		18CBF54F29ECE36500BD2716 /* Release */ = {
			isa = XCBuildConfiguration;
			buildSettings = {
				ALWAYS_EMBED_SWIFT_STANDARD_LIBRARIES = YES;
				BUNDLE_LOADER = "$(TEST_HOST)";
				CODE_SIGN_STYLE = Automatic;
				CURRENT_PROJECT_VERSION = 1;
				GENERATE_INFOPLIST_FILE = YES;
				IPHONEOS_DEPLOYMENT_TARGET = 16.4;
				MARKETING_VERSION = 1.0;
				ONLY_ACTIVE_ARCH = YES;
				PRODUCT_BUNDLE_IDENTIFIER = com.remmie.VideoPlayerTests;
				PRODUCT_NAME = "$(TARGET_NAME)";
				SWIFT_EMIT_LOC_STRINGS = NO;
				SWIFT_VERSION = 5.0;
				TARGETED_DEVICE_FAMILY = "1,2";
				TEST_HOST = "$(BUILT_PRODUCTS_DIR)/VideoPlayer.app/$(BUNDLE_EXECUTABLE_FOLDER_PATH)/VideoPlayer";
			};
			name = Release;
		};
		18CBF55129ECE36500BD2716 /* Debug */ = {
			isa = XCBuildConfiguration;
			buildSettings = {
				ALWAYS_EMBED_SWIFT_STANDARD_LIBRARIES = YES;
				CODE_SIGN_STYLE = Automatic;
				CURRENT_PROJECT_VERSION = 1;
				GENERATE_INFOPLIST_FILE = YES;
				MARKETING_VERSION = 1.0;
				ONLY_ACTIVE_ARCH = YES;
				PRODUCT_BUNDLE_IDENTIFIER = com.remmie.VideoPlayerUITests;
				PRODUCT_NAME = "$(TARGET_NAME)";
				SWIFT_EMIT_LOC_STRINGS = NO;
				SWIFT_VERSION = 5.0;
				TARGETED_DEVICE_FAMILY = "1,2";
				TEST_TARGET_NAME = VideoPlayer;
			};
			name = Debug;
		};
		18CBF55229ECE36500BD2716 /* Release */ = {
			isa = XCBuildConfiguration;
			buildSettings = {
				ALWAYS_EMBED_SWIFT_STANDARD_LIBRARIES = YES;
				CODE_SIGN_STYLE = Automatic;
				CURRENT_PROJECT_VERSION = 1;
				GENERATE_INFOPLIST_FILE = YES;
				MARKETING_VERSION = 1.0;
				ONLY_ACTIVE_ARCH = YES;
				PRODUCT_BUNDLE_IDENTIFIER = com.remmie.VideoPlayerUITests;
				PRODUCT_NAME = "$(TARGET_NAME)";
				SWIFT_EMIT_LOC_STRINGS = NO;
				SWIFT_VERSION = 5.0;
				TARGETED_DEVICE_FAMILY = "1,2";
				TEST_TARGET_NAME = VideoPlayer;
			};
			name = Release;
		};
/* End XCBuildConfiguration section */

/* Begin XCConfigurationList section */
		18CBF52129ECE36300BD2716 /* Build configuration list for PBXProject "VideoPlayer" */ = {
			isa = XCConfigurationList;
			buildConfigurations = (
				18CBF54829ECE36500BD2716 /* Debug */,
				18CBF54929ECE36500BD2716 /* Release */,
			);
			defaultConfigurationIsVisible = 0;
			defaultConfigurationName = Release;
		};
		18CBF54A29ECE36500BD2716 /* Build configuration list for PBXNativeTarget "VideoPlayer" */ = {
			isa = XCConfigurationList;
			buildConfigurations = (
				18CBF54B29ECE36500BD2716 /* Debug */,
				18CBF54C29ECE36500BD2716 /* Release */,
			);
			defaultConfigurationIsVisible = 0;
			defaultConfigurationName = Release;
		};
		18CBF54D29ECE36500BD2716 /* Build configuration list for PBXNativeTarget "VideoPlayerTests" */ = {
			isa = XCConfigurationList;
			buildConfigurations = (
				18CBF54E29ECE36500BD2716 /* Debug */,
				18CBF54F29ECE36500BD2716 /* Release */,
			);
			defaultConfigurationIsVisible = 0;
			defaultConfigurationName = Release;
		};
		18CBF55029ECE36500BD2716 /* Build configuration list for PBXNativeTarget "VideoPlayerUITests" */ = {
			isa = XCConfigurationList;
			buildConfigurations = (
				18CBF55129ECE36500BD2716 /* Debug */,
				18CBF55229ECE36500BD2716 /* Release */,
			);
			defaultConfigurationIsVisible = 0;
			defaultConfigurationName = Release;
		};
/* End XCConfigurationList section */
	};
	rootObject = 18CBF51E29ECE36300BD2716 /* Project object */;
}
